Microsoft Visual Studio Solution File, Format Version 12.00
# Visual Studio Version 18
VisualStudioVersion = 18.3.11512.155 d18.3
MinimumVisualStudioVersion = 10.0.40219.1
Project("{2150E333-8FDC-42A3-9474-1A3956D46DE8}") = "src", "src", "{11111111-1111-1111-1111-111111111111}"
EndProject
Project("{2150E333-8FDC-42A3-9474-1A3956D46DE8}") = "tests", "tests", "{22222222-2222-2222-2222-222222222222}"
EndProject
Project("{FAE04EC0-301F-11D3-BF4B-00C04F79EFBC}") = "Lagedra.ApiGateway", "src\Lagedra.ApiGateway\Lagedra.ApiGateway.csproj", "{AAAAAAAA-AAAA-AAAA-AAAA-AAAAAAAAAAAA}"
EndProject
Project("{FAE04EC0-301F-11D3-BF4B-00C04F79EFBC}") = "Lagedra.SharedKernel", "src\Lagedra.SharedKernel\Lagedra.SharedKernel.csproj", "{BBBBBBBB-BBBB-BBBB-BBBB-BBBBBBBBBBBB}"
EndProject
Project("{FAE04EC0-301F-11D3-BF4B-00C04F79EFBC}") = "Lagedra.Infrastructure", "src\Lagedra.Infrastructure\Lagedra.Infrastructure.csproj", "{CCCCCCCC-CCCC-CCCC-CCCC-CCCCCCCCCCCC}"
EndProject
Project("{FAE04EC0-301F-11D3-BF4B-00C04F79EFBC}") = "Lagedra.Auth", "src\Lagedra.Auth\Lagedra.Auth.csproj", "{DDDDDDDD-DDDD-DDDD-DDDD-DDDDDDDDDDDD}"
EndProject
Project("{FAE04EC0-301F-11D3-BF4B-00C04F79EFBC}") = "Lagedra.TruthSurface", "src\Lagedra.TruthSurface\Lagedra.TruthSurface.csproj", "{3BEA731C-648E-4E7B-A33B-CE980BD4CECF}"
EndProject
Project("{FAE04EC0-301F-11D3-BF4B-00C04F79EFBC}") = "Lagedra.Compliance", "src\Lagedra.Compliance\Lagedra.Compliance.csproj", "{9A25DD81-4260-4657-B8EE-767AC6E62EB6}"
EndProject
Project("{2150E333-8FDC-42A3-9474-1A3956D46DE8}") = "Lagedra.Modules", "Lagedra.Modules", "{5B7CC0C2-67FF-9D9E-B005-0D52DC957648}"
EndProject
Project("{FAE04EC0-301F-11D3-BF4B-00C04F79EFBC}") = "ListingAndLocation", "src\Lagedra.Modules\ListingAndLocation\ListingAndLocation.csproj", "{19D46102-D227-47C8-8CE0-F7D57C2DCFF1}"
EndProject
Project("{FAE04EC0-301F-11D3-BF4B-00C04F79EFBC}") = "IdentityAndVerification", "src\Lagedra.Modules\IdentityAndVerification\IdentityAndVerification.csproj", "{4DF7AE3E-3214-43D4-B129-2C8EAF54F11A}"
EndProject
Project("{FAE04EC0-301F-11D3-BF4B-00C04F79EFBC}") = "ComplianceMonitoring", "src\Lagedra.Modules\ComplianceMonitoring\ComplianceMonitoring.csproj", "{FD071670-A6C0-4EAF-A90A-8C52E45CA14B}"
EndProject
Project("{FAE04EC0-301F-11D3-BF4B-00C04F79EFBC}") = "ActivationAndBilling", "src\Lagedra.Modules\ActivationAndBilling\ActivationAndBilling.csproj", "{9373DAB3-4392-44D0-92CF-ECA7A2DC8BCF}"
EndProject
Project("{FAE04EC0-301F-11D3-BF4B-00C04F79EFBC}") = "InsuranceIntegration", "src\Lagedra.Modules\InsuranceIntegration\InsuranceIntegration.csproj", "{B358AEE2-22A9-43F4-8298-8AA505FA231F}"
EndProject
Project("{FAE04EC0-301F-11D3-BF4B-00C04F79EFBC}") = "StructuredInquiry", "src\Lagedra.Modules\StructuredInquiry\StructuredInquiry.csproj", "{57C02A2B-033A-4FF0-9FB4-C121C0BE2205}"
EndProject
Project("{FAE04EC0-301F-11D3-BF4B-00C04F79EFBC}") = "VerificationAndRisk", "src\Lagedra.Modules\VerificationAndRisk\VerificationAndRisk.csproj", "{CAE413A8-EEDA-45D8-B41B-5642F5C9E727}"
EndProject
Project("{FAE04EC0-301F-11D3-BF4B-00C04F79EFBC}") = "Arbitration", "src\Lagedra.Modules\Arbitration\Arbitration.csproj", "{EA3F873E-8C62-4DF6-AECE-C58AE8758781}"
EndProject
Project("{FAE04EC0-301F-11D3-BF4B-00C04F79EFBC}") = "Evidence", "src\Lagedra.Modules\Evidence\Evidence.csproj", "{78510A50-1344-4EF6-884D-6A551A7E581F}"
EndProject
Project("{FAE04EC0-301F-11D3-BF4B-00C04F79EFBC}") = "JurisdictionPacks", "src\Lagedra.Modules\JurisdictionPacks\JurisdictionPacks.csproj", "{C54FAEB7-75FB-4A68-9937-97D1A2C6C0E4}"
EndProject
Project("{FAE04EC0-301F-11D3-BF4B-00C04F79EFBC}") = "Notifications", "src\Lagedra.Modules\Notifications\Notifications.csproj", "{FDF03324-49A7-4230-A4C0-F038846C16D7}"
EndProject
Project("{FAE04EC0-301F-11D3-BF4B-00C04F79EFBC}") = "Privacy", "src\Lagedra.Modules\Privacy\Privacy.csproj", "{FF576B88-912B-4645-9D15-C73BC3DA1E49}"
EndProject
Project("{FAE04EC0-301F-11D3-BF4B-00C04F79EFBC}") = "AntiAbuseAndIntegrity", "src\Lagedra.Modules\AntiAbuseAndIntegrity\AntiAbuseAndIntegrity.csproj", "{027424CC-A688-489F-B0F2-A60A41FC0B6C}"
EndProject
Project("{FAE04EC0-301F-11D3-BF4B-00C04F79EFBC}") = "ContentManagement", "src\Lagedra.Modules\ContentManagement\ContentManagement.csproj", "{8EC7DD73-A492-442D-8FB5-7D82E153DBA9}"
EndProject
Project("{FAE04EC0-301F-11D3-BF4B-00C04F79EFBC}") = "PartnerNetwork", "src\Lagedra.Modules\PartnerNetwork\PartnerNetwork.csproj", "{03B33A28-BFBC-9FCE-015D-C996C76C1C78}"
EndProject
Global
	GlobalSection(SolutionConfigurationPlatforms) = preSolution
		Debug|Any CPU = Debug|Any CPU
		Debug|x64 = Debug|x64
		Debug|x86 = Debug|x86
		Release|Any CPU = Release|Any CPU
		Release|x64 = Release|x64
		Release|x86 = Release|x86
	EndGlobalSection
	GlobalSection(ProjectConfigurationPlatforms) = postSolution
		{AAAAAAAA-AAAA-AAAA-AAAA-AAAAAAAAAAAA}.Debug|Any CPU.ActiveCfg = Debug|Any CPU
		{AAAAAAAA-AAAA-AAAA-AAAA-AAAAAAAAAAAA}.Debug|Any CPU.Build.0 = Debug|Any CPU
		{AAAAAAAA-AAAA-AAAA-AAAA-AAAAAAAAAAAA}.Debug|x64.ActiveCfg = Debug|Any CPU
		{AAAAAAAA-AAAA-AAAA-AAAA-AAAAAAAAAAAA}.Debug|x64.Build.0 = Debug|Any CPU
		{AAAAAAAA-AAAA-AAAA-AAAA-AAAAAAAAAAAA}.Debug|x86.ActiveCfg = Debug|Any CPU
		{AAAAAAAA-AAAA-AAAA-AAAA-AAAAAAAAAAAA}.Debug|x86.Build.0 = Debug|Any CPU
		{AAAAAAAA-AAAA-AAAA-AAAA-AAAAAAAAAAAA}.Release|Any CPU.ActiveCfg = Release|Any CPU
		{AAAAAAAA-AAAA-AAAA-AAAA-AAAAAAAAAAAA}.Release|Any CPU.Build.0 = Release|Any CPU
		{AAAAAAAA-AAAA-AAAA-AAAA-AAAAAAAAAAAA}.Release|x64.ActiveCfg = Release|Any CPU
		{AAAAAAAA-AAAA-AAAA-AAAA-AAAAAAAAAAAA}.Release|x64.Build.0 = Release|Any CPU
		{AAAAAAAA-AAAA-AAAA-AAAA-AAAAAAAAAAAA}.Release|x86.ActiveCfg = Release|Any CPU
		{AAAAAAAA-AAAA-AAAA-AAAA-AAAAAAAAAAAA}.Release|x86.Build.0 = Release|Any CPU
		{BBBBBBBB-BBBB-BBBB-BBBB-BBBBBBBBBBBB}.Debug|Any CPU.ActiveCfg = Debug|Any CPU
		{BBBBBBBB-BBBB-BBBB-BBBB-BBBBBBBBBBBB}.Debug|Any CPU.Build.0 = Debug|Any CPU
		{BBBBBBBB-BBBB-BBBB-BBBB-BBBBBBBBBBBB}.Debug|x64.ActiveCfg = Debug|Any CPU
		{BBBBBBBB-BBBB-BBBB-BBBB-BBBBBBBBBBBB}.Debug|x64.Build.0 = Debug|Any CPU
		{BBBBBBBB-BBBB-BBBB-BBBB-BBBBBBBBBBBB}.Debug|x86.ActiveCfg = Debug|Any CPU
		{BBBBBBBB-BBBB-BBBB-BBBB-BBBBBBBBBBBB}.Debug|x86.Build.0 = Debug|Any CPU
		{BBBBBBBB-BBBB-BBBB-BBBB-BBBBBBBBBBBB}.Release|Any CPU.ActiveCfg = Release|Any CPU
		{BBBBBBBB-BBBB-BBBB-BBBB-BBBBBBBBBBBB}.Release|Any CPU.Build.0 = Release|Any CPU
		{BBBBBBBB-BBBB-BBBB-BBBB-BBBBBBBBBBBB}.Release|x64.ActiveCfg = Release|Any CPU
		{BBBBBBBB-BBBB-BBBB-BBBB-BBBBBBBBBBBB}.Release|x64.Build.0 = Release|Any CPU
		{BBBBBBBB-BBBB-BBBB-BBBB-BBBBBBBBBBBB}.Release|x86.ActiveCfg = Release|Any CPU
		{BBBBBBBB-BBBB-BBBB-BBBB-BBBBBBBBBBBB}.Release|x86.Build.0 = Release|Any CPU
		{CCCCCCCC-CCCC-CCCC-CCCC-CCCCCCCCCCCC}.Debug|Any CPU.ActiveCfg = Debug|Any CPU
		{CCCCCCCC-CCCC-CCCC-CCCC-CCCCCCCCCCCC}.Debug|Any CPU.Build.0 = Debug|Any CPU
		{CCCCCCCC-CCCC-CCCC-CCCC-CCCCCCCCCCCC}.Debug|x64.ActiveCfg = Debug|Any CPU
		{CCCCCCCC-CCCC-CCCC-CCCC-CCCCCCCCCCCC}.Debug|x64.Build.0 = Debug|Any CPU
		{CCCCCCCC-CCCC-CCCC-CCCC-CCCCCCCCCCCC}.Debug|x86.ActiveCfg = Debug|Any CPU
		{CCCCCCCC-CCCC-CCCC-CCCC-CCCCCCCCCCCC}.Debug|x86.Build.0 = Debug|Any CPU
		{CCCCCCCC-CCCC-CCCC-CCCC-CCCCCCCCCCCC}.Release|Any CPU.ActiveCfg = Release|Any CPU
		{CCCCCCCC-CCCC-CCCC-CCCC-CCCCCCCCCCCC}.Release|Any CPU.Build.0 = Release|Any CPU
		{CCCCCCCC-CCCC-CCCC-CCCC-CCCCCCCCCCCC}.Release|x64.ActiveCfg = Release|Any CPU
		{CCCCCCCC-CCCC-CCCC-CCCC-CCCCCCCCCCCC}.Release|x64.Build.0 = Release|Any CPU
		{CCCCCCCC-CCCC-CCCC-CCCC-CCCCCCCCCCCC}.Release|x86.ActiveCfg = Release|Any CPU
		{CCCCCCCC-CCCC-CCCC-CCCC-CCCCCCCCCCCC}.Release|x86.Build.0 = Release|Any CPU
		{DDDDDDDD-DDDD-DDDD-DDDD-DDDDDDDDDDDD}.Debug|Any CPU.ActiveCfg = Debug|Any CPU
		{DDDDDDDD-DDDD-DDDD-DDDD-DDDDDDDDDDDD}.Debug|Any CPU.Build.0 = Debug|Any CPU
		{DDDDDDDD-DDDD-DDDD-DDDD-DDDDDDDDDDDD}.Debug|x64.ActiveCfg = Debug|Any CPU
		{DDDDDDDD-DDDD-DDDD-DDDD-DDDDDDDDDDDD}.Debug|x64.Build.0 = Debug|Any CPU
		{DDDDDDDD-DDDD-DDDD-DDDD-DDDDDDDDDDDD}.Debug|x86.ActiveCfg = Debug|Any CPU
		{DDDDDDDD-DDDD-DDDD-DDDD-DDDDDDDDDDDD}.Debug|x86.Build.0 = Debug|Any CPU
		{DDDDDDDD-DDDD-DDDD-DDDD-DDDDDDDDDDDD}.Release|Any CPU.ActiveCfg = Release|Any CPU
		{DDDDDDDD-DDDD-DDDD-DDDD-DDDDDDDDDDDD}.Release|Any CPU.Build.0 = Release|Any CPU
		{DDDDDDDD-DDDD-DDDD-DDDD-DDDDDDDDDDDD}.Release|x64.ActiveCfg = Release|Any CPU
		{DDDDDDDD-DDDD-DDDD-DDDD-DDDDDDDDDDDD}.Release|x64.Build.0 = Release|Any CPU
		{DDDDDDDD-DDDD-DDDD-DDDD-DDDDDDDDDDDD}.Release|x86.ActiveCfg = Release|Any CPU
		{DDDDDDDD-DDDD-DDDD-DDDD-DDDDDDDDDDDD}.Release|x86.Build.0 = Release|Any CPU
		{3BEA731C-648E-4E7B-A33B-CE980BD4CECF}.Debug|Any CPU.ActiveCfg = Debug|Any CPU
		{3BEA731C-648E-4E7B-A33B-CE980BD4CECF}.Debug|Any CPU.Build.0 = Debug|Any CPU
		{3BEA731C-648E-4E7B-A33B-CE980BD4CECF}.Debug|x64.ActiveCfg = Debug|Any CPU
		{3BEA731C-648E-4E7B-A33B-CE980BD4CECF}.Debug|x64.Build.0 = Debug|Any CPU
		{3BEA731C-648E-4E7B-A33B-CE980BD4CECF}.Debug|x86.ActiveCfg = Debug|Any CPU
		{3BEA731C-648E-4E7B-A33B-CE980BD4CECF}.Debug|x86.Build.0 = Debug|Any CPU
		{3BEA731C-648E-4E7B-A33B-CE980BD4CECF}.Release|Any CPU.ActiveCfg = Release|Any CPU
		{3BEA731C-648E-4E7B-A33B-CE980BD4CECF}.Release|Any CPU.Build.0 = Release|Any CPU
		{3BEA731C-648E-4E7B-A33B-CE980BD4CECF}.Release|x64.ActiveCfg = Release|Any CPU
		{3BEA731C-648E-4E7B-A33B-CE980BD4CECF}.Release|x64.Build.0 = Release|Any CPU
		{3BEA731C-648E-4E7B-A33B-CE980BD4CECF}.Release|x86.ActiveCfg = Release|Any CPU
		{3BEA731C-648E-4E7B-A33B-CE980BD4CECF}.Release|x86.Build.0 = Release|Any CPU
		{9A25DD81-4260-4657-B8EE-767AC6E62EB6}.Debug|Any CPU.ActiveCfg = Debug|Any CPU
		{9A25DD81-4260-4657-B8EE-767AC6E62EB6}.Debug|Any CPU.Build.0 = Debug|Any CPU
		{9A25DD81-4260-4657-B8EE-767AC6E62EB6}.Debug|x64.ActiveCfg = Debug|Any CPU
		{9A25DD81-4260-4657-B8EE-767AC6E62EB6}.Debug|x64.Build.0 = Debug|Any CPU
		{9A25DD81-4260-4657-B8EE-767AC6E62EB6}.Debug|x86.ActiveCfg = Debug|Any CPU
		{9A25DD81-4260-4657-B8EE-767AC6E62EB6}.Debug|x86.Build.0 = Debug|Any CPU
		{9A25DD81-4260-4657-B8EE-767AC6E62EB6}.Release|Any CPU.ActiveCfg = Release|Any CPU
		{9A25DD81-4260-4657-B8EE-767AC6E62EB6}.Release|Any CPU.Build.0 = Release|Any CPU
		{9A25DD81-4260-4657-B8EE-767AC6E62EB6}.Release|x64.ActiveCfg = Release|Any CPU
		{9A25DD81-4260-4657-B8EE-767AC6E62EB6}.Release|x64.Build.0 = Release|Any CPU
		{9A25DD81-4260-4657-B8EE-767AC6E62EB6}.Release|x86.ActiveCfg = Release|Any CPU
		{9A25DD81-4260-4657-B8EE-767AC6E62EB6}.Release|x86.Build.0 = Release|Any CPU
		{19D46102-D227-47C8-8CE0-F7D57C2DCFF1}.Debug|Any CPU.ActiveCfg = Debug|Any CPU
		{19D46102-D227-47C8-8CE0-F7D57C2DCFF1}.Debug|Any CPU.Build.0 = Debug|Any CPU
		{19D46102-D227-47C8-8CE0-F7D57C2DCFF1}.Debug|x64.ActiveCfg = Debug|Any CPU
		{19D46102-D227-47C8-8CE0-F7D57C2DCFF1}.Debug|x64.Build.0 = Debug|Any CPU
		{19D46102-D227-47C8-8CE0-F7D57C2DCFF1}.Debug|x86.ActiveCfg = Debug|Any CPU
		{19D46102-D227-47C8-8CE0-F7D57C2DCFF1}.Debug|x86.Build.0 = Debug|Any CPU
		{19D46102-D227-47C8-8CE0-F7D57C2DCFF1}.Release|Any CPU.ActiveCfg = Release|Any CPU
		{19D46102-D227-47C8-8CE0-F7D57C2DCFF1}.Release|Any CPU.Build.0 = Release|Any CPU
		{19D46102-D227-47C8-8CE0-F7D57C2DCFF1}.Release|x64.ActiveCfg = Release|Any CPU
		{19D46102-D227-47C8-8CE0-F7D57C2DCFF1}.Release|x64.Build.0 = Release|Any CPU
		{19D46102-D227-47C8-8CE0-F7D57C2DCFF1}.Release|x86.ActiveCfg = Release|Any CPU
		{19D46102-D227-47C8-8CE0-F7D57C2DCFF1}.Release|x86.Build.0 = Release|Any CPU
		{4DF7AE3E-3214-43D4-B129-2C8EAF54F11A}.Debug|Any CPU.ActiveCfg = Debug|Any CPU
		{4DF7AE3E-3214-43D4-B129-2C8EAF54F11A}.Debug|Any CPU.Build.0 = Debug|Any CPU
		{4DF7AE3E-3214-43D4-B129-2C8EAF54F11A}.Debug|x64.ActiveCfg = Debug|Any CPU
		{4DF7AE3E-3214-43D4-B129-2C8EAF54F11A}.Debug|x64.Build.0 = Debug|Any CPU
		{4DF7AE3E-3214-43D4-B129-2C8EAF54F11A}.Debug|x86.ActiveCfg = Debug|Any CPU
		{4DF7AE3E-3214-43D4-B129-2C8EAF54F11A}.Debug|x86.Build.0 = Debug|Any CPU
		{4DF7AE3E-3214-43D4-B129-2C8EAF54F11A}.Release|Any CPU.ActiveCfg = Release|Any CPU
		{4DF7AE3E-3214-43D4-B129-2C8EAF54F11A}.Release|Any CPU.Build.0 = Release|Any CPU
		{4DF7AE3E-3214-43D4-B129-2C8EAF54F11A}.Release|x64.ActiveCfg = Release|Any CPU
		{4DF7AE3E-3214-43D4-B129-2C8EAF54F11A}.Release|x64.Build.0 = Release|Any CPU
		{4DF7AE3E-3214-43D4-B129-2C8EAF54F11A}.Release|x86.ActiveCfg = Release|Any CPU
		{4DF7AE3E-3214-43D4-B129-2C8EAF54F11A}.Release|x86.Build.0 = Release|Any CPU
		{FD071670-A6C0-4EAF-A90A-8C52E45CA14B}.Debug|Any CPU.ActiveCfg = Debug|Any CPU
		{FD071670-A6C0-4EAF-A90A-8C52E45CA14B}.Debug|Any CPU.Build.0 = Debug|Any CPU
		{FD071670-A6C0-4EAF-A90A-8C52E45CA14B}.Debug|x64.ActiveCfg = Debug|Any CPU
		{FD071670-A6C0-4EAF-A90A-8C52E45CA14B}.Debug|x64.Build.0 = Debug|Any CPU
		{FD071670-A6C0-4EAF-A90A-8C52E45CA14B}.Debug|x86.ActiveCfg = Debug|Any CPU
		{FD071670-A6C0-4EAF-A90A-8C52E45CA14B}.Debug|x86.Build.0 = Debug|Any CPU
		{FD071670-A6C0-4EAF-A90A-8C52E45CA14B}.Release|Any CPU.ActiveCfg = Release|Any CPU
		{FD071670-A6C0-4EAF-A90A-8C52E45CA14B}.Release|Any CPU.Build.0 = Release|Any CPU
		{FD071670-A6C0-4EAF-A90A-8C52E45CA14B}.Release|x64.ActiveCfg = Release|Any CPU
		{FD071670-A6C0-4EAF-A90A-8C52E45CA14B}.Release|x64.Build.0 = Release|Any CPU
		{FD071670-A6C0-4EAF-A90A-8C52E45CA14B}.Release|x86.ActiveCfg = Release|Any CPU
		{FD071670-A6C0-4EAF-A90A-8C52E45CA14B}.Release|x86.Build.0 = Release|Any CPU
		{9373DAB3-4392-44D0-92CF-ECA7A2DC8BCF}.Debug|Any CPU.ActiveCfg = Debug|Any CPU
		{9373DAB3-4392-44D0-92CF-ECA7A2DC8BCF}.Debug|Any CPU.Build.0 = Debug|Any CPU
		{9373DAB3-4392-44D0-92CF-ECA7A2DC8BCF}.Debug|x64.ActiveCfg = Debug|Any CPU
		{9373DAB3-4392-44D0-92CF-ECA7A2DC8BCF}.Debug|x64.Build.0 = Debug|Any CPU
		{9373DAB3-4392-44D0-92CF-ECA7A2DC8BCF}.Debug|x86.ActiveCfg = Debug|Any CPU
		{9373DAB3-4392-44D0-92CF-ECA7A2DC8BCF}.Debug|x86.Build.0 = Debug|Any CPU
		{9373DAB3-4392-44D0-92CF-ECA7A2DC8BCF}.Release|Any CPU.ActiveCfg = Release|Any CPU
		{9373DAB3-4392-44D0-92CF-ECA7A2DC8BCF}.Release|Any CPU.Build.0 = Release|Any CPU
		{9373DAB3-4392-44D0-92CF-ECA7A2DC8BCF}.Release|x64.ActiveCfg = Release|Any CPU
		{9373DAB3-4392-44D0-92CF-ECA7A2DC8BCF}.Release|x64.Build.0 = Release|Any CPU
		{9373DAB3-4392-44D0-92CF-ECA7A2DC8BCF}.Release|x86.ActiveCfg = Release|Any CPU
		{9373DAB3-4392-44D0-92CF-ECA7A2DC8BCF}.Release|x86.Build.0 = Release|Any CPU
		{B358AEE2-22A9-43F4-8298-8AA505FA231F}.Debug|Any CPU.ActiveCfg = Debug|Any CPU
		{B358AEE2-22A9-43F4-8298-8AA505FA231F}.Debug|Any CPU.Build.0 = Debug|Any CPU
		{B358AEE2-22A9-43F4-8298-8AA505FA231F}.Debug|x64.ActiveCfg = Debug|Any CPU
		{B358AEE2-22A9-43F4-8298-8AA505FA231F}.Debug|x64.Build.0 = Debug|Any CPU
		{B358AEE2-22A9-43F4-8298-8AA505FA231F}.Debug|x86.ActiveCfg = Debug|Any CPU
		{B358AEE2-22A9-43F4-8298-8AA505FA231F}.Debug|x86.Build.0 = Debug|Any CPU
		{B358AEE2-22A9-43F4-8298-8AA505FA231F}.Release|Any CPU.ActiveCfg = Release|Any CPU
		{B358AEE2-22A9-43F4-8298-8AA505FA231F}.Release|Any CPU.Build.0 = Release|Any CPU
		{B358AEE2-22A9-43F4-8298-8AA505FA231F}.Release|x64.ActiveCfg = Release|Any CPU
		{B358AEE2-22A9-43F4-8298-8AA505FA231F}.Release|x64.Build.0 = Release|Any CPU
		{B358AEE2-22A9-43F4-8298-8AA505FA231F}.Release|x86.ActiveCfg = Release|Any CPU
		{B358AEE2-22A9-43F4-8298-8AA505FA231F}.Release|x86.Build.0 = Release|Any CPU
		{57C02A2B-033A-4FF0-9FB4-C121C0BE2205}.Debug|Any CPU.ActiveCfg = Debug|Any CPU
		{57C02A2B-033A-4FF0-9FB4-C121C0BE2205}.Debug|Any CPU.Build.0 = Debug|Any CPU
		{57C02A2B-033A-4FF0-9FB4-C121C0BE2205}.Debug|x64.ActiveCfg = Debug|Any CPU
		{57C02A2B-033A-4FF0-9FB4-C121C0BE2205}.Debug|x64.Build.0 = Debug|Any CPU
		{57C02A2B-033A-4FF0-9FB4-C121C0BE2205}.Debug|x86.ActiveCfg = Debug|Any CPU
		{57C02A2B-033A-4FF0-9FB4-C121C0BE2205}.Debug|x86.Build.0 = Debug|Any CPU
		{57C02A2B-033A-4FF0-9FB4-C121C0BE2205}.Release|Any CPU.ActiveCfg = Release|Any CPU
		{57C02A2B-033A-4FF0-9FB4-C121C0BE2205}.Release|Any CPU.Build.0 = Release|Any CPU
		{57C02A2B-033A-4FF0-9FB4-C121C0BE2205}.Release|x64.ActiveCfg = Release|Any CPU
		{57C02A2B-033A-4FF0-9FB4-C121C0BE2205}.Release|x64.Build.0 = Release|Any CPU
		{57C02A2B-033A-4FF0-9FB4-C121C0BE2205}.Release|x86.ActiveCfg = Release|Any CPU
		{57C02A2B-033A-4FF0-9FB4-C121C0BE2205}.Release|x86.Build.0 = Release|Any CPU
		{CAE413A8-EEDA-45D8-B41B-5642F5C9E727}.Debug|Any CPU.ActiveCfg = Debug|Any CPU
		{CAE413A8-EEDA-45D8-B41B-5642F5C9E727}.Debug|Any CPU.Build.0 = Debug|Any CPU
		{CAE413A8-EEDA-45D8-B41B-5642F5C9E727}.Debug|x64.ActiveCfg = Debug|Any CPU
		{CAE413A8-EEDA-45D8-B41B-5642F5C9E727}.Debug|x64.Build.0 = Debug|Any CPU
		{CAE413A8-EEDA-45D8-B41B-5642F5C9E727}.Debug|x86.ActiveCfg = Debug|Any CPU
		{CAE413A8-EEDA-45D8-B41B-5642F5C9E727}.Debug|x86.Build.0 = Debug|Any CPU
		{CAE413A8-EEDA-45D8-B41B-5642F5C9E727}.Release|Any CPU.ActiveCfg = Release|Any CPU
		{CAE413A8-EEDA-45D8-B41B-5642F5C9E727}.Release|Any CPU.Build.0 = Release|Any CPU
		{CAE413A8-EEDA-45D8-B41B-5642F5C9E727}.Release|x64.ActiveCfg = Release|Any CPU
		{CAE413A8-EEDA-45D8-B41B-5642F5C9E727}.Release|x64.Build.0 = Release|Any CPU
		{CAE413A8-EEDA-45D8-B41B-5642F5C9E727}.Release|x86.ActiveCfg = Release|Any CPU
		{CAE413A8-EEDA-45D8-B41B-5642F5C9E727}.Release|x86.Build.0 = Release|Any CPU
		{EA3F873E-8C62-4DF6-AECE-C58AE8758781}.Debug|Any CPU.ActiveCfg = Debug|Any CPU
		{EA3F873E-8C62-4DF6-AECE-C58AE8758781}.Debug|Any CPU.Build.0 = Debug|Any CPU
		{EA3F873E-8C62-4DF6-AECE-C58AE8758781}.Debug|x64.ActiveCfg = Debug|Any CPU
		{EA3F873E-8C62-4DF6-AECE-C58AE8758781}.Debug|x64.Build.0 = Debug|Any CPU
		{EA3F873E-8C62-4DF6-AECE-C58AE8758781}.Debug|x86.ActiveCfg = Debug|Any CPU
		{EA3F873E-8C62-4DF6-AECE-C58AE8758781}.Debug|x86.Build.0 = Debug|Any CPU
		{EA3F873E-8C62-4DF6-AECE-C58AE8758781}.Release|Any CPU.ActiveCfg = Release|Any CPU
		{EA3F873E-8C62-4DF6-AECE-C58AE8758781}.Release|Any CPU.Build.0 = Release|Any CPU
		{EA3F873E-8C62-4DF6-AECE-C58AE8758781}.Release|x64.ActiveCfg = Release|Any CPU
		{EA3F873E-8C62-4DF6-AECE-C58AE8758781}.Release|x64.Build.0 = Release|Any CPU
		{EA3F873E-8C62-4DF6-AECE-C58AE8758781}.Release|x86.ActiveCfg = Release|Any CPU
		{EA3F873E-8C62-4DF6-AECE-C58AE8758781}.Release|x86.Build.0 = Release|Any CPU
		{78510A50-1344-4EF6-884D-6A551A7E581F}.Debug|Any CPU.ActiveCfg = Debug|Any CPU
		{78510A50-1344-4EF6-884D-6A551A7E581F}.Debug|Any CPU.Build.0 = Debug|Any CPU
		{78510A50-1344-4EF6-884D-6A551A7E581F}.Debug|x64.ActiveCfg = Debug|Any CPU
		{78510A50-1344-4EF6-884D-6A551A7E581F}.Debug|x64.Build.0 = Debug|Any CPU
		{78510A50-1344-4EF6-884D-6A551A7E581F}.Debug|x86.ActiveCfg = Debug|Any CPU
		{78510A50-1344-4EF6-884D-6A551A7E581F}.Debug|x86.Build.0 = Debug|Any CPU
		{78510A50-1344-4EF6-884D-6A551A7E581F}.Release|Any CPU.ActiveCfg = Release|Any CPU
		{78510A50-1344-4EF6-884D-6A551A7E581F}.Release|Any CPU.Build.0 = Release|Any CPU
		{78510A50-1344-4EF6-884D-6A551A7E581F}.Release|x64.ActiveCfg = Release|Any CPU
		{78510A50-1344-4EF6-884D-6A551A7E581F}.Release|x64.Build.0 = Release|Any CPU
		{78510A50-1344-4EF6-884D-6A551A7E581F}.Release|x86.ActiveCfg = Release|Any CPU
		{78510A50-1344-4EF6-884D-6A551A7E581F}.Release|x86.Build.0 = Release|Any CPU
		{C54FAEB7-75FB-4A68-9937-97D1A2C6C0E4}.Debug|Any CPU.ActiveCfg = Debug|Any CPU
		{C54FAEB7-75FB-4A68-9937-97D1A2C6C0E4}.Debug|Any CPU.Build.0 = Debug|Any CPU
		{C54FAEB7-75FB-4A68-9937-97D1A2C6C0E4}.Debug|x64.ActiveCfg = Debug|Any CPU
		{C54FAEB7-75FB-4A68-9937-97D1A2C6C0E4}.Debug|x64.Build.0 = Debug|Any CPU
		{C54FAEB7-75FB-4A68-9937-97D1A2C6C0E4}.Debug|x86.ActiveCfg = Debug|Any CPU
		{C54FAEB7-75FB-4A68-9937-97D1A2C6C0E4}.Debug|x86.Build.0 = Debug|Any CPU
		{C54FAEB7-75FB-4A68-9937-97D1A2C6C0E4}.Release|Any CPU.ActiveCfg = Release|Any CPU
		{C54FAEB7-75FB-4A68-9937-97D1A2C6C0E4}.Release|Any CPU.Build.0 = Release|Any CPU
		{C54FAEB7-75FB-4A68-9937-97D1A2C6C0E4}.Release|x64.ActiveCfg = Release|Any CPU
		{C54FAEB7-75FB-4A68-9937-97D1A2C6C0E4}.Release|x64.Build.0 = Release|Any CPU
		{C54FAEB7-75FB-4A68-9937-97D1A2C6C0E4}.Release|x86.ActiveCfg = Release|Any CPU
		{C54FAEB7-75FB-4A68-9937-97D1A2C6C0E4}.Release|x86.Build.0 = Release|Any CPU
		{FDF03324-49A7-4230-A4C0-F038846C16D7}.Debug|Any CPU.ActiveCfg = Debug|Any CPU
		{FDF03324-49A7-4230-A4C0-F038846C16D7}.Debug|Any CPU.Build.0 = Debug|Any CPU
		{FDF03324-49A7-4230-A4C0-F038846C16D7}.Debug|x64.ActiveCfg = Debug|Any CPU
		{FDF03324-49A7-4230-A4C0-F038846C16D7}.Debug|x64.Build.0 = Debug|Any CPU
		{FDF03324-49A7-4230-A4C0-F038846C16D7}.Debug|x86.ActiveCfg = Debug|Any CPU
		{FDF03324-49A7-4230-A4C0-F038846C16D7}.Debug|x86.Build.0 = Debug|Any CPU
		{FDF03324-49A7-4230-A4C0-F038846C16D7}.Release|Any CPU.ActiveCfg = Release|Any CPU
		{FDF03324-49A7-4230-A4C0-F038846C16D7}.Release|Any CPU.Build.0 = Release|Any CPU
		{FDF03324-49A7-4230-A4C0-F038846C16D7}.Release|x64.ActiveCfg = Release|Any CPU
		{FDF03324-49A7-4230-A4C0-F038846C16D7}.Release|x64.Build.0 = Release|Any CPU
		{FDF03324-49A7-4230-A4C0-F038846C16D7}.Release|x86.ActiveCfg = Release|Any CPU
		{FDF03324-49A7-4230-A4C0-F038846C16D7}.Release|x86.Build.0 = Release|Any CPU
		{FF576B88-912B-4645-9D15-C73BC3DA1E49}.Debug|Any CPU.ActiveCfg = Debug|Any CPU
		{FF576B88-912B-4645-9D15-C73BC3DA1E49}.Debug|Any CPU.Build.0 = Debug|Any CPU
		{FF576B88-912B-4645-9D15-C73BC3DA1E49}.Debug|x64.ActiveCfg = Debug|Any CPU
		{FF576B88-912B-4645-9D15-C73BC3DA1E49}.Debug|x64.Build.0 = Debug|Any CPU
		{FF576B88-912B-4645-9D15-C73BC3DA1E49}.Debug|x86.ActiveCfg = Debug|Any CPU
		{FF576B88-912B-4645-9D15-C73BC3DA1E49}.Debug|x86.Build.0 = Debug|Any CPU
		{FF576B88-912B-4645-9D15-C73BC3DA1E49}.Release|Any CPU.ActiveCfg = Release|Any CPU
		{FF576B88-912B-4645-9D15-C73BC3DA1E49}.Release|Any CPU.Build.0 = Release|Any CPU
		{FF576B88-912B-4645-9D15-C73BC3DA1E49}.Release|x64.ActiveCfg = Release|Any CPU
		{FF576B88-912B-4645-9D15-C73BC3DA1E49}.Release|x64.Build.0 = Release|Any CPU
		{FF576B88-912B-4645-9D15-C73BC3DA1E49}.Release|x86.ActiveCfg = Release|Any CPU
		{FF576B88-912B-4645-9D15-C73BC3DA1E49}.Release|x86.Build.0 = Release|Any CPU
		{027424CC-A688-489F-B0F2-A60A41FC0B6C}.Debug|Any CPU.ActiveCfg = Debug|Any CPU
		{027424CC-A688-489F-B0F2-A60A41FC0B6C}.Debug|Any CPU.Build.0 = Debug|Any CPU
		{027424CC-A688-489F-B0F2-A60A41FC0B6C}.Debug|x64.ActiveCfg = Debug|Any CPU
		{027424CC-A688-489F-B0F2-A60A41FC0B6C}.Debug|x64.Build.0 = Debug|Any CPU
		{027424CC-A688-489F-B0F2-A60A41FC0B6C}.Debug|x86.ActiveCfg = Debug|Any CPU
		{027424CC-A688-489F-B0F2-A60A41FC0B6C}.Debug|x86.Build.0 = Debug|Any CPU
		{027424CC-A688-489F-B0F2-A60A41FC0B6C}.Release|Any CPU.ActiveCfg = Release|Any CPU
		{027424CC-A688-489F-B0F2-A60A41FC0B6C}.Release|Any CPU.Build.0 = Release|Any CPU
		{027424CC-A688-489F-B0F2-A60A41FC0B6C}.Release|x64.ActiveCfg = Release|Any CPU
		{027424CC-A688-489F-B0F2-A60A41FC0B6C}.Release|x64.Build.0 = Release|Any CPU
		{027424CC-A688-489F-B0F2-A60A41FC0B6C}.Release|x86.ActiveCfg = Release|Any CPU
		{027424CC-A688-489F-B0F2-A60A41FC0B6C}.Release|x86.Build.0 = Release|Any CPU
		{8EC7DD73-A492-442D-8FB5-7D82E153DBA9}.Debug|Any CPU.ActiveCfg = Debug|Any CPU
		{8EC7DD73-A492-442D-8FB5-7D82E153DBA9}.Debug|Any CPU.Build.0 = Debug|Any CPU
		{8EC7DD73-A492-442D-8FB5-7D82E153DBA9}.Debug|x64.ActiveCfg = Debug|Any CPU
		{8EC7DD73-A492-442D-8FB5-7D82E153DBA9}.Debug|x64.Build.0 = Debug|Any CPU
		{8EC7DD73-A492-442D-8FB5-7D82E153DBA9}.Debug|x86.ActiveCfg = Debug|Any CPU
		{8EC7DD73-A492-442D-8FB5-7D82E153DBA9}.Debug|x86.Build.0 = Debug|Any CPU
		{8EC7DD73-A492-442D-8FB5-7D82E153DBA9}.Release|Any CPU.ActiveCfg = Release|Any CPU
		{8EC7DD73-A492-442D-8FB5-7D82E153DBA9}.Release|Any CPU.Build.0 = Release|Any CPU
		{8EC7DD73-A492-442D-8FB5-7D82E153DBA9}.Release|x64.ActiveCfg = Release|Any CPU
		{8EC7DD73-A492-442D-8FB5-7D82E153DBA9}.Release|x64.Build.0 = Release|Any CPU
		{8EC7DD73-A492-442D-8FB5-7D82E153DBA9}.Release|x86.ActiveCfg = Release|Any CPU
		{8EC7DD73-A492-442D-8FB5-7D82E153DBA9}.Release|x86.Build.0 = Release|Any CPU
		{03B33A28-BFBC-9FCE-015D-C996C76C1C78}.Debug|Any CPU.ActiveCfg = Debug|Any CPU
		{03B33A28-BFBC-9FCE-015D-C996C76C1C78}.Debug|Any CPU.Build.0 = Debug|Any CPU
		{03B33A28-BFBC-9FCE-015D-C996C76C1C78}.Debug|x64.ActiveCfg = Debug|Any CPU
		{03B33A28-BFBC-9FCE-015D-C996C76C1C78}.Debug|x64.Build.0 = Debug|Any CPU
		{03B33A28-BFBC-9FCE-015D-C996C76C1C78}.Debug|x86.ActiveCfg = Debug|Any CPU
		{03B33A28-BFBC-9FCE-015D-C996C76C1C78}.Debug|x86.Build.0 = Debug|Any CPU
		{03B33A28-BFBC-9FCE-015D-C996C76C1C78}.Release|Any CPU.ActiveCfg = Release|Any CPU
		{03B33A28-BFBC-9FCE-015D-C996C76C1C78}.Release|Any CPU.Build.0 = Release|Any CPU
		{03B33A28-BFBC-9FCE-015D-C996C76C1C78}.Release|x64.ActiveCfg = Release|Any CPU
		{03B33A28-BFBC-9FCE-015D-C996C76C1C78}.Release|x64.Build.0 = Release|Any CPU
		{03B33A28-BFBC-9FCE-015D-C996C76C1C78}.Release|x86.ActiveCfg = Release|Any CPU
		{03B33A28-BFBC-9FCE-015D-C996C76C1C78}.Release|x86.Build.0 = Release|Any CPU
	EndGlobalSection
	GlobalSection(SolutionProperties) = preSolution
		HideSolutionNode = FALSE
	EndGlobalSection
	GlobalSection(NestedProjects) = preSolution
		{AAAAAAAA-AAAA-AAAA-AAAA-AAAAAAAAAAAA} = {11111111-1111-1111-1111-111111111111}
		{BBBBBBBB-BBBB-BBBB-BBBB-BBBBBBBBBBBB} = {11111111-1111-1111-1111-111111111111}
		{CCCCCCCC-CCCC-CCCC-CCCC-CCCCCCCCCCCC} = {11111111-1111-1111-1111-111111111111}
		{DDDDDDDD-DDDD-DDDD-DDDD-DDDDDDDDDDDD} = {11111111-1111-1111-1111-111111111111}
		{3BEA731C-648E-4E7B-A33B-CE980BD4CECF} = {11111111-1111-1111-1111-111111111111}
		{9A25DD81-4260-4657-B8EE-767AC6E62EB6} = {11111111-1111-1111-1111-111111111111}
		{5B7CC0C2-67FF-9D9E-B005-0D52DC957648} = {11111111-1111-1111-1111-111111111111}
		{19D46102-D227-47C8-8CE0-F7D57C2DCFF1} = {5B7CC0C2-67FF-9D9E-B005-0D52DC957648}
		{4DF7AE3E-3214-43D4-B129-2C8EAF54F11A} = {5B7CC0C2-67FF-9D9E-B005-0D52DC957648}
		{FD071670-A6C0-4EAF-A90A-8C52E45CA14B} = {5B7CC0C2-67FF-9D9E-B005-0D52DC957648}
		{9373DAB3-4392-44D0-92CF-ECA7A2DC8BCF} = {5B7CC0C2-67FF-9D9E-B005-0D52DC957648}
		{B358AEE2-22A9-43F4-8298-8AA505FA231F} = {5B7CC0C2-67FF-9D9E-B005-0D52DC957648}
		{57C02A2B-033A-4FF0-9FB4-C121C0BE2205} = {5B7CC0C2-67FF-9D9E-B005-0D52DC957648}
		{CAE413A8-EEDA-45D8-B41B-5642F5C9E727} = {5B7CC0C2-67FF-9D9E-B005-0D52DC957648}
		{EA3F873E-8C62-4DF6-AECE-C58AE8758781} = {5B7CC0C2-67FF-9D9E-B005-0D52DC957648}
		{78510A50-1344-4EF6-884D-6A551A7E581F} = {5B7CC0C2-67FF-9D9E-B005-0D52DC957648}
		{C54FAEB7-75FB-4A68-9937-97D1A2C6C0E4} = {5B7CC0C2-67FF-9D9E-B005-0D52DC957648}
		{FDF03324-49A7-4230-A4C0-F038846C16D7} = {5B7CC0C2-67FF-9D9E-B005-0D52DC957648}
		{FF576B88-912B-4645-9D15-C73BC3DA1E49} = {5B7CC0C2-67FF-9D9E-B005-0D52DC957648}
		{027424CC-A688-489F-B0F2-A60A41FC0B6C} = {5B7CC0C2-67FF-9D9E-B005-0D52DC957648}
		{8EC7DD73-A492-442D-8FB5-7D82E153DBA9} = {5B7CC0C2-67FF-9D9E-B005-0D52DC957648}
		{03B33A28-BFBC-9FCE-015D-C996C76C1C78} = {5B7CC0C2-67FF-9D9E-B005-0D52DC957648}
	EndGlobalSection
	GlobalSection(ExtensibilityGlobals) = postSolution
		SolutionGuid = {EA6A3E28-E0B8-4D1C-B935-D3D176BCD889}
	EndGlobalSection
EndGlobal
